// !$*UTF8*$!
{
	archiveVersion = 1;
	classes = {
	};
	objectVersion = 46;
	objects = {

/* Begin PBXBuildFile section */
		5D22FCDE16EDD63F00B6EE7F /* UIKit.framework in Frameworks */ = {isa = PBXBuildFile; fileRef = 5D22FCDD16EDD63F00B6EE7F /* UIKit.framework */; };
		5D22FCE016EDD63F00B6EE7F /* Foundation.framework in Frameworks */ = {isa = PBXBuildFile; fileRef = 5D22FCDF16EDD63F00B6EE7F /* Foundation.framework */; };
		5D22FCE216EDD63F00B6EE7F /* CoreGraphics.framework in Frameworks */ = {isa = PBXBuildFile; fileRef = 5D22FCE116EDD63F00B6EE7F /* CoreGraphics.framework */; };
		5D22FCE816EDD63F00B6EE7F /* InfoPlist.strings in Resources */ = {isa = PBXBuildFile; fileRef = 5D22FCE616EDD63F00B6EE7F /* InfoPlist.strings */; };
		5D22FCEA16EDD63F00B6EE7F /* main.m in Sources */ = {isa = PBXBuildFile; fileRef = 5D22FCE916EDD63F00B6EE7F /* main.m */; };
		5D22FCEE16EDD63F00B6EE7F /* AppDelegate.m in Sources */ = {isa = PBXBuildFile; fileRef = 5D22FCED16EDD63F00B6EE7F /* AppDelegate.m */; };
		5D22FCF716EDD63F00B6EE7F /* ViewController.m in Sources */ = {isa = PBXBuildFile; fileRef = 5D22FCF616EDD63F00B6EE7F /* ViewController.m */; };
		5D22FD1916EDD82500B6EE7F /* MessageUI.framework in Frameworks */ = {isa = PBXBuildFile; fileRef = 5D22FD1816EDD82500B6EE7F /* MessageUI.framework */; };
		5D22FD1B16EDD82C00B6EE7F /* MediaPlayer.framework in Frameworks */ = {isa = PBXBuildFile; fileRef = 5D22FD1A16EDD82B00B6EE7F /* MediaPlayer.framework */; };
		5D22FD1D16EDD83500B6EE7F /* OpenGLES.framework in Frameworks */ = {isa = PBXBuildFile; fileRef = 5D22FD1C16EDD83500B6EE7F /* OpenGLES.framework */; };
		5D22FD1F16EDD83C00B6EE7F /* QuartzCore.framework in Frameworks */ = {isa = PBXBuildFile; fileRef = 5D22FD1E16EDD83C00B6EE7F /* QuartzCore.framework */; };
		5D22FD2116EDD84200B6EE7F /* CoreLocation.framework in Frameworks */ = {isa = PBXBuildFile; fileRef = 5D22FD2016EDD84200B6EE7F /* CoreLocation.framework */; };
		5D22FD2316EDD84800B6EE7F /* CoreMotion.framework in Frameworks */ = {isa = PBXBuildFile; fileRef = 5D22FD2216EDD84800B6EE7F /* CoreMotion.framework */; };
		5D22FD2516EDD84F00B6EE7F /* CoreFoundation.framework in Frameworks */ = {isa = PBXBuildFile; fileRef = 5D22FD2416EDD84F00B6EE7F /* CoreFoundation.framework */; };
		5D22FD2716EDD85500B6EE7F /* CoreVideo.framework in Frameworks */ = {isa = PBXBuildFile; fileRef = 5D22FD2616EDD85500B6EE7F /* CoreVideo.framework */; };
		5D22FD2916EDD85B00B6EE7F /* AVFoundation.framework in Frameworks */ = {isa = PBXBuildFile; fileRef = 5D22FD2816EDD85B00B6EE7F /* AVFoundation.framework */; };
		5D22FD2B16EDD86000B6EE7F /* CoreMedia.framework in Frameworks */ = {isa = PBXBuildFile; fileRef = 5D22FD2A16EDD86000B6EE7F /* CoreMedia.framework */; };
		5D22FDA016EE30EC00B6EE7F /* CaptureSessionManager.m in Sources */ = {isa = PBXBuildFile; fileRef = 5D22FD9F16EE30EC00B6EE7F /* CaptureSessionManager.m */; };
		5D22FDB416EE388C00B6EE7F /* MainStoryboard_iPad.storyboard in Resources */ = {isa = PBXBuildFile; fileRef = 5D22FDB016EE388A00B6EE7F /* MainStoryboard_iPad.storyboard */; };
		5D22FDB516EE388C00B6EE7F /* MainStoryboard_iPhone.storyboard in Resources */ = {isa = PBXBuildFile; fileRef = 5D22FDB216EE388B00B6EE7F /* MainStoryboard_iPhone.storyboard */; };
		5DA0520D16FA0D8D0068B140 /* resources.bundle in Resources */ = {isa = PBXBuildFile; fileRef = 5DA0520816FA0D8D0068B140 /* resources.bundle */; };
		5DA0520F16FA0D9B0068B140 /* data in Resources */ = {isa = PBXBuildFile; fileRef = 5DA0520E16FA0D9B0068B140 /* data */; };
		5DA0522616FA0DD60068B140 /* Knight_fullbody.png in Resources */ = {isa = PBXBuildFile; fileRef = 5DA0522116FA0DD60068B140 /* Knight_fullbody.png */; };
		5DA0522716FA0DD60068B140 /* Transformer_alpha.png in Resources */ = {isa = PBXBuildFile; fileRef = 5DA0522216FA0DD60068B140 /* Transformer_alpha.png */; };
		5DA0522816FA0DD60068B140 /* Tv_alpha.png in Resources */ = {isa = PBXBuildFile; fileRef = 5DA0522316FA0DD60068B140 /* Tv_alpha.png */; };
		5DA0522916FA0DD60068B140 /* Viking_alpha.png in Resources */ = {isa = PBXBuildFile; fileRef = 5DA0522416FA0DD60068B140 /* Viking_alpha.png */; };
		5DA0522A16FA0DD60068B140 /* Zombie.png in Resources */ = {isa = PBXBuildFile; fileRef = 5DA0522516FA0DD60068B140 /* Zombie.png */; };
		610680641A79131A00930EB1 /* Images.xcassets in Resources */ = {isa = PBXBuildFile; fileRef = 610680631A79131A00930EB1 /* Images.xcassets */; };
		610680661A79132600930EB1 /* Launch Screen.xib in Resources */ = {isa = PBXBuildFile; fileRef = 610680651A79132600930EB1 /* Launch Screen.xib */; };
		610680681A7944FC00930EB1 /* aumentia®.png in Resources */ = {isa = PBXBuildFile; fileRef = 610680671A7944FC00930EB1 /* aumentia®.png */; };
		612C79851BA2DBD8002ABF67 /* libstdc++.6.0.9.tbd in Frameworks */ = {isa = PBXBuildFile; fileRef = 612C79841BA2DBD8002ABF67 /* libstdc++.6.0.9.tbd */; };
		612C798F1BA2EDAE002ABF67 /* ARBrowser3D.framework in Frameworks */ = {isa = PBXBuildFile; fileRef = 612C798D1BA2EDAE002ABF67 /* ARBrowser3D.framework */; };
		61971CD01BA35D03008C5807 /* ARBrowser3DRadar.framework in Frameworks */ = {isa = PBXBuildFile; fileRef = 61971CCF1BA35D03008C5807 /* ARBrowser3DRadar.framework */; };
/* End PBXBuildFile section */

/* Begin PBXContainerItemProxy section */
		61971CA21BA35A29008C5807 /* PBXContainerItemProxy */ = {
			isa = PBXContainerItemProxy;
			containerPortal = 61971C9E1BA35A28008C5807 /* HelloBrowser3DSwift.xcodeproj */;
			proxyType = 2;
			remoteGlobalIDString = 61971C891BA35A28008C5807;
			remoteInfo = HelloBrowser3DSwift;
		};
/* End PBXContainerItemProxy section */

/* Begin PBXFileReference section */
		5D22FCDA16EDD63F00B6EE7F /* HelloBrowser3D.app */ = {isa = PBXFileReference; explicitFileType = wrapper.application; includeInIndex = 0; path = HelloBrowser3D.app; sourceTree = BUILT_PRODUCTS_DIR; };
		5D22FCDD16EDD63F00B6EE7F /* UIKit.framework */ = {isa = PBXFileReference; lastKnownFileType = wrapper.framework; name = UIKit.framework; path = System/Library/Frameworks/UIKit.framework; sourceTree = SDKROOT; };
		5D22FCDF16EDD63F00B6EE7F /* Foundation.framework */ = {isa = PBXFileReference; lastKnownFileType = wrapper.framework; name = Foundation.framework; path = System/Library/Frameworks/Foundation.framework; sourceTree = SDKROOT; };
		5D22FCE116EDD63F00B6EE7F /* CoreGraphics.framework */ = {isa = PBXFileReference; lastKnownFileType = wrapper.framework; name = CoreGraphics.framework; path = System/Library/Frameworks/CoreGraphics.framework; sourceTree = SDKROOT; };
		5D22FCE516EDD63F00B6EE7F /* HelloBrowser3D-Info.plist */ = {isa = PBXFileReference; lastKnownFileType = text.plist.xml; path = "HelloBrowser3D-Info.plist"; sourceTree = "<group>"; };
		5D22FCE716EDD63F00B6EE7F /* en */ = {isa = PBXFileReference; lastKnownFileType = text.plist.strings; name = en; path = en.lproj/InfoPlist.strings; sourceTree = "<group>"; };
		5D22FCE916EDD63F00B6EE7F /* main.m */ = {isa = PBXFileReference; lastKnownFileType = sourcecode.c.objc; path = main.m; sourceTree = "<group>"; };
		5D22FCEB16EDD63F00B6EE7F /* HelloBrowser3D-Prefix.pch */ = {isa = PBXFileReference; lastKnownFileType = sourcecode.c.h; path = "HelloBrowser3D-Prefix.pch"; sourceTree = "<group>"; };
		5D22FCEC16EDD63F00B6EE7F /* AppDelegate.h */ = {isa = PBXFileReference; lastKnownFileType = sourcecode.c.h; path = AppDelegate.h; sourceTree = "<group>"; };
		5D22FCED16EDD63F00B6EE7F /* AppDelegate.m */ = {isa = PBXFileReference; lastKnownFileType = sourcecode.c.objc; path = AppDelegate.m; sourceTree = "<group>"; };
		5D22FCF516EDD63F00B6EE7F /* ViewController.h */ = {isa = PBXFileReference; lastKnownFileType = sourcecode.c.h; path = ViewController.h; sourceTree = "<group>"; };
		5D22FCF616EDD63F00B6EE7F /* ViewController.m */ = {isa = PBXFileReference; explicitFileType = sourcecode.cpp.objcpp; path = ViewController.m; sourceTree = "<group>"; };
		5D22FD1816EDD82500B6EE7F /* MessageUI.framework */ = {isa = PBXFileReference; lastKnownFileType = wrapper.framework; name = MessageUI.framework; path = System/Library/Frameworks/MessageUI.framework; sourceTree = SDKROOT; };
		5D22FD1A16EDD82B00B6EE7F /* MediaPlayer.framework */ = {isa = PBXFileReference; lastKnownFileType = wrapper.framework; name = MediaPlayer.framework; path = System/Library/Frameworks/MediaPlayer.framework; sourceTree = SDKROOT; };
		5D22FD1C16EDD83500B6EE7F /* OpenGLES.framework */ = {isa = PBXFileReference; lastKnownFileType = wrapper.framework; name = OpenGLES.framework; path = System/Library/Frameworks/OpenGLES.framework; sourceTree = SDKROOT; };
		5D22FD1E16EDD83C00B6EE7F /* QuartzCore.framework */ = {isa = PBXFileReference; lastKnownFileType = wrapper.framework; name = QuartzCore.framework; path = System/Library/Frameworks/QuartzCore.framework; sourceTree = SDKROOT; };
		5D22FD2016EDD84200B6EE7F /* CoreLocation.framework */ = {isa = PBXFileReference; lastKnownFileType = wrapper.framework; name = CoreLocation.framework; path = System/Library/Frameworks/CoreLocation.framework; sourceTree = SDKROOT; };
		5D22FD2216EDD84800B6EE7F /* CoreMotion.framework */ = {isa = PBXFileReference; lastKnownFileType = wrapper.framework; name = CoreMotion.framework; path = System/Library/Frameworks/CoreMotion.framework; sourceTree = SDKROOT; };
		5D22FD2416EDD84F00B6EE7F /* CoreFoundation.framework */ = {isa = PBXFileReference; lastKnownFileType = wrapper.framework; name = CoreFoundation.framework; path = System/Library/Frameworks/CoreFoundation.framework; sourceTree = SDKROOT; };
		5D22FD2616EDD85500B6EE7F /* CoreVideo.framework */ = {isa = PBXFileReference; lastKnownFileType = wrapper.framework; name = CoreVideo.framework; path = System/Library/Frameworks/CoreVideo.framework; sourceTree = SDKROOT; };
		5D22FD2816EDD85B00B6EE7F /* AVFoundation.framework */ = {isa = PBXFileReference; lastKnownFileType = wrapper.framework; name = AVFoundation.framework; path = System/Library/Frameworks/AVFoundation.framework; sourceTree = SDKROOT; };
		5D22FD2A16EDD86000B6EE7F /* CoreMedia.framework */ = {isa = PBXFileReference; lastKnownFileType = wrapper.framework; name = CoreMedia.framework; path = System/Library/Frameworks/CoreMedia.framework; sourceTree = SDKROOT; };
		5D22FD9E16EE30EC00B6EE7F /* CaptureSessionManager.h */ = {isa = PBXFileReference; fileEncoding = 4; lastKnownFileType = sourcecode.c.h; path = CaptureSessionManager.h; sourceTree = "<group>"; };
		5D22FD9F16EE30EC00B6EE7F /* CaptureSessionManager.m */ = {isa = PBXFileReference; fileEncoding = 4; lastKnownFileType = sourcecode.c.objc; path = CaptureSessionManager.m; sourceTree = "<group>"; };
		5D22FDB116EE388B00B6EE7F /* en */ = {isa = PBXFileReference; lastKnownFileType = file.storyboard; name = en; path = en.lproj/MainStoryboard_iPad.storyboard; sourceTree = "<group>"; };
		5D22FDB316EE388C00B6EE7F /* en */ = {isa = PBXFileReference; lastKnownFileType = file.storyboard; name = en; path = en.lproj/MainStoryboard_iPhone.storyboard; sourceTree = "<group>"; };
		5DA0520816FA0D8D0068B140 /* resources.bundle */ = {isa = PBXFileReference; lastKnownFileType = "wrapper.plug-in"; name = resources.bundle; path = HelloBrowser3D/SDKs/resources.bundle; sourceTree = "<group>"; };
		5DA0520E16FA0D9B0068B140 /* data */ = {isa = PBXFileReference; lastKnownFileType = folder; name = data; path = SDKs/data; sourceTree = "<group>"; };
		5DA0522116FA0DD60068B140 /* Knight_fullbody.png */ = {isa = PBXFileReference; lastKnownFileType = image.png; path = Knight_fullbody.png; sourceTree = "<group>"; };
		5DA0522216FA0DD60068B140 /* Transformer_alpha.png */ = {isa = PBXFileReference; lastKnownFileType = image.png; path = Transformer_alpha.png; sourceTree = "<group>"; };
		5DA0522316FA0DD60068B140 /* Tv_alpha.png */ = {isa = PBXFileReference; lastKnownFileType = image.png; path = Tv_alpha.png; sourceTree = "<group>"; };
		5DA0522416FA0DD60068B140 /* Viking_alpha.png */ = {isa = PBXFileReference; lastKnownFileType = image.png; path = Viking_alpha.png; sourceTree = "<group>"; };
		5DA0522516FA0DD60068B140 /* Zombie.png */ = {isa = PBXFileReference; lastKnownFileType = image.png; path = Zombie.png; sourceTree = "<group>"; };
		610680631A79131A00930EB1 /* Images.xcassets */ = {isa = PBXFileReference; lastKnownFileType = folder.assetcatalog; path = Images.xcassets; sourceTree = "<group>"; };
		610680651A79132600930EB1 /* Launch Screen.xib */ = {isa = PBXFileReference; fileEncoding = 4; lastKnownFileType = file.xib; path = "Launch Screen.xib"; sourceTree = "<group>"; };
		610680671A7944FC00930EB1 /* aumentia®.png */ = {isa = PBXFileReference; lastKnownFileType = image.png; path = "aumentia®.png"; sourceTree = "<group>"; };
		612C79841BA2DBD8002ABF67 /* libstdc++.6.0.9.tbd */ = {isa = PBXFileReference; lastKnownFileType = "sourcecode.text-based-dylib-definition"; name = "libstdc++.6.0.9.tbd"; path = "usr/lib/libstdc++.6.0.9.tbd"; sourceTree = SDKROOT; };
		612C798D1BA2EDAE002ABF67 /* ARBrowser3D.framework */ = {isa = PBXFileReference; lastKnownFileType = wrapper.framework; name = ARBrowser3D.framework; path = HelloBrowser3D/SDKs/ARBrowser3D.framework; sourceTree = "<group>"; };
		61971C9E1BA35A28008C5807 /* HelloBrowser3DSwift.xcodeproj */ = {isa = PBXFileReference; lastKnownFileType = "wrapper.pb-project"; name = HelloBrowser3DSwift.xcodeproj; path = HelloBrowser3DSwift/HelloBrowser3DSwift.xcodeproj; sourceTree = "<group>"; };
		61971CCF1BA35D03008C5807 /* ARBrowser3DRadar.framework */ = {isa = PBXFileReference; lastKnownFileType = wrapper.framework; name = ARBrowser3DRadar.framework; path = HelloBrowser3D/SDKs/ARBrowser3DRadar.framework; sourceTree = "<group>"; };
/* End PBXFileReference section */

/* Begin PBXFrameworksBuildPhase section */
		5D22FCD716EDD63F00B6EE7F /* Frameworks */ = {
			isa = PBXFrameworksBuildPhase;
			buildActionMask = 2147483647;
			files = (
				612C79851BA2DBD8002ABF67 /* libstdc++.6.0.9.tbd in Frameworks */,
				5D22FCE216EDD63F00B6EE7F /* CoreGraphics.framework in Frameworks */,
				5D22FCE016EDD63F00B6EE7F /* Foundation.framework in Frameworks */,
				5D22FCDE16EDD63F00B6EE7F /* UIKit.framework in Frameworks */,
				5D22FD2B16EDD86000B6EE7F /* CoreMedia.framework in Frameworks */,
				5D22FD2916EDD85B00B6EE7F /* AVFoundation.framework in Frameworks */,
				5D22FD2716EDD85500B6EE7F /* CoreVideo.framework in Frameworks */,
				5D22FD2516EDD84F00B6EE7F /* CoreFoundation.framework in Frameworks */,
				5D22FD2316EDD84800B6EE7F /* CoreMotion.framework in Frameworks */,
				5D22FD2116EDD84200B6EE7F /* CoreLocation.framework in Frameworks */,
				5D22FD1F16EDD83C00B6EE7F /* QuartzCore.framework in Frameworks */,
				5D22FD1D16EDD83500B6EE7F /* OpenGLES.framework in Frameworks */,
				5D22FD1B16EDD82C00B6EE7F /* MediaPlayer.framework in Frameworks */,
				5D22FD1916EDD82500B6EE7F /* MessageUI.framework in Frameworks */,
				61971CD01BA35D03008C5807 /* ARBrowser3DRadar.framework in Frameworks */,
				612C798F1BA2EDAE002ABF67 /* ARBrowser3D.framework in Frameworks */,
			);
			runOnlyForDeploymentPostprocessing = 0;
		};
/* End PBXFrameworksBuildPhase section */

/* Begin PBXGroup section */
		5D22FCD116EDD63F00B6EE7F = {
			isa = PBXGroup;
			children = (
				61971C9E1BA35A28008C5807 /* HelloBrowser3DSwift.xcodeproj */,
				5D22FCE316EDD63F00B6EE7F /* HelloBrowser3D */,
				5D22FCDC16EDD63F00B6EE7F /* Frameworks */,
				5D22FCDB16EDD63F00B6EE7F /* Products */,
			);
			sourceTree = "<group>";
		};
		5D22FCDB16EDD63F00B6EE7F /* Products */ = {
			isa = PBXGroup;
			children = (
				5D22FCDA16EDD63F00B6EE7F /* HelloBrowser3D.app */,
			);
			name = Products;
			sourceTree = "<group>";
		};
		5D22FCDC16EDD63F00B6EE7F /* Frameworks */ = {
			isa = PBXGroup;
			children = (
				61971CCF1BA35D03008C5807 /* ARBrowser3DRadar.framework */,
				612C798D1BA2EDAE002ABF67 /* ARBrowser3D.framework */,
				612C79841BA2DBD8002ABF67 /* libstdc++.6.0.9.tbd */,
				5DA0520816FA0D8D0068B140 /* resources.bundle */,
				5D22FD2A16EDD86000B6EE7F /* CoreMedia.framework */,
				5D22FD2816EDD85B00B6EE7F /* AVFoundation.framework */,
				5D22FD2616EDD85500B6EE7F /* CoreVideo.framework */,
				5D22FD2416EDD84F00B6EE7F /* CoreFoundation.framework */,
				5D22FD2216EDD84800B6EE7F /* CoreMotion.framework */,
				5D22FD2016EDD84200B6EE7F /* CoreLocation.framework */,
				5D22FD1E16EDD83C00B6EE7F /* QuartzCore.framework */,
				5D22FD1C16EDD83500B6EE7F /* OpenGLES.framework */,
				5D22FD1A16EDD82B00B6EE7F /* MediaPlayer.framework */,
				5D22FD1816EDD82500B6EE7F /* MessageUI.framework */,
				5D22FCDD16EDD63F00B6EE7F /* UIKit.framework */,
				5D22FCDF16EDD63F00B6EE7F /* Foundation.framework */,
				5D22FCE116EDD63F00B6EE7F /* CoreGraphics.framework */,
			);
			name = Frameworks;
			sourceTree = "<group>";
		};
		5D22FCE316EDD63F00B6EE7F /* HelloBrowser3D */ = {
			isa = PBXGroup;
			children = (
				5D22FDA116EE377400B6EE7F /* Assets */,
				5D22FCEC16EDD63F00B6EE7F /* AppDelegate.h */,
				5D22FCED16EDD63F00B6EE7F /* AppDelegate.m */,
				5D22FCF516EDD63F00B6EE7F /* ViewController.h */,
				5D22FCF616EDD63F00B6EE7F /* ViewController.m */,
				5D22FD9E16EE30EC00B6EE7F /* CaptureSessionManager.h */,
				5D22FD9F16EE30EC00B6EE7F /* CaptureSessionManager.m */,
				5D22FDB016EE388A00B6EE7F /* MainStoryboard_iPad.storyboard */,
				5D22FDB216EE388B00B6EE7F /* MainStoryboard_iPhone.storyboard */,
				610680631A79131A00930EB1 /* Images.xcassets */,
				5D22FCE416EDD63F00B6EE7F /* Supporting Files */,
				610680651A79132600930EB1 /* Launch Screen.xib */,
			);
			path = HelloBrowser3D;
			sourceTree = "<group>";
		};
		5D22FCE416EDD63F00B6EE7F /* Supporting Files */ = {
			isa = PBXGroup;
			children = (
				5DA0520E16FA0D9B0068B140 /* data */,
				5D22FCE516EDD63F00B6EE7F /* HelloBrowser3D-Info.plist */,
				5D22FCE616EDD63F00B6EE7F /* InfoPlist.strings */,
				5D22FCE916EDD63F00B6EE7F /* main.m */,
				5D22FCEB16EDD63F00B6EE7F /* HelloBrowser3D-Prefix.pch */,
			);
			name = "Supporting Files";
			sourceTree = "<group>";
		};
		5D22FDA116EE377400B6EE7F /* Assets */ = {
			isa = PBXGroup;
			children = (
				610680671A7944FC00930EB1 /* aumentia®.png */,
				5DA0522116FA0DD60068B140 /* Knight_fullbody.png */,
				5DA0522216FA0DD60068B140 /* Transformer_alpha.png */,
				5DA0522316FA0DD60068B140 /* Tv_alpha.png */,
				5DA0522416FA0DD60068B140 /* Viking_alpha.png */,
				5DA0522516FA0DD60068B140 /* Zombie.png */,
			);
			path = Assets;
			sourceTree = "<group>";
		};
		61971C9F1BA35A28008C5807 /* Products */ = {
			isa = PBXGroup;
			children = (
				61971CA31BA35A29008C5807 /* HelloBrowser3DSwift.app */,
			);
			name = Products;
			sourceTree = "<group>";
		};
/* End PBXGroup section */

/* Begin PBXNativeTarget section */
		5D22FCD916EDD63F00B6EE7F /* HelloBrowser3D */ = {
			isa = PBXNativeTarget;
			buildConfigurationList = 5D22FD0016EDD63F00B6EE7F /* Build configuration list for PBXNativeTarget "HelloBrowser3D" */;
			buildPhases = (
				5D22FCD616EDD63F00B6EE7F /* Sources */,
				5D22FCD716EDD63F00B6EE7F /* Frameworks */,
				5D22FCD816EDD63F00B6EE7F /* Resources */,
				61129D371A7A32C10020E322 /* Auto Build Script */,
			);
			buildRules = (
			);
			dependencies = (
			);
			name = HelloBrowser3D;
			productName = HelloBrowser3D;
			productReference = 5D22FCDA16EDD63F00B6EE7F /* HelloBrowser3D.app */;
			productType = "com.apple.product-type.application";
		};
/* End PBXNativeTarget section */

/* Begin PBXProject section */
		5D22FCD216EDD63F00B6EE7F /* Project object */ = {
			isa = PBXProject;
			attributes = {
				LastUpgradeCheck = 0710;
				ORGANIZATIONNAME = Aumentia;
			};
			buildConfigurationList = 5D22FCD516EDD63F00B6EE7F /* Build configuration list for PBXProject "HelloBrowser3D" */;
			compatibilityVersion = "Xcode 3.2";
			developmentRegion = English;
			hasScannedForEncodings = 0;
			knownRegions = (
				en,
			);
			mainGroup = 5D22FCD116EDD63F00B6EE7F;
			productRefGroup = 5D22FCDB16EDD63F00B6EE7F /* Products */;
			projectDirPath = "";
			projectReferences = (
				{
					ProductGroup = 61971C9F1BA35A28008C5807 /* Products */;
					ProjectRef = 61971C9E1BA35A28008C5807 /* HelloBrowser3DSwift.xcodeproj */;
				},
			);
			projectRoot = "";
			targets = (
				5D22FCD916EDD63F00B6EE7F /* HelloBrowser3D */,
			);
		};
/* End PBXProject section */

/* Begin PBXReferenceProxy section */
		61971CA31BA35A29008C5807 /* HelloBrowser3DSwift.app */ = {
			isa = PBXReferenceProxy;
			fileType = wrapper.application;
			path = HelloBrowser3DSwift.app;
			remoteRef = 61971CA21BA35A29008C5807 /* PBXContainerItemProxy */;
			sourceTree = BUILT_PRODUCTS_DIR;
		};
/* End PBXReferenceProxy section */

/* Begin PBXResourcesBuildPhase section */
		5D22FCD816EDD63F00B6EE7F /* Resources */ = {
			isa = PBXResourcesBuildPhase;
			buildActionMask = 2147483647;
			files = (
				5D22FCE816EDD63F00B6EE7F /* InfoPlist.strings in Resources */,
				5D22FDB416EE388C00B6EE7F /* MainStoryboard_iPad.storyboard in Resources */,
				5D22FDB516EE388C00B6EE7F /* MainStoryboard_iPhone.storyboard in Resources */,
				5DA0520D16FA0D8D0068B140 /* resources.bundle in Resources */,
				610680641A79131A00930EB1 /* Images.xcassets in Resources */,
				610680681A7944FC00930EB1 /* aumentia®.png in Resources */,
				5DA0520F16FA0D9B0068B140 /* data in Resources */,
				5DA0522616FA0DD60068B140 /* Knight_fullbody.png in Resources */,
				5DA0522716FA0DD60068B140 /* Transformer_alpha.png in Resources */,
				5DA0522816FA0DD60068B140 /* Tv_alpha.png in Resources */,
				5DA0522916FA0DD60068B140 /* Viking_alpha.png in Resources */,
				5DA0522A16FA0DD60068B140 /* Zombie.png in Resources */,
				610680661A79132600930EB1 /* Launch Screen.xib in Resources */,
			);
			runOnlyForDeploymentPostprocessing = 0;
		};
/* End PBXResourcesBuildPhase section */

/* Begin PBXShellScriptBuildPhase section */
		61129D371A7A32C10020E322 /* Auto Build Script */ = {
			isa = PBXShellScriptBuildPhase;
			buildActionMask = 2147483647;
			files = (
			);
			inputPaths = (
			);
			name = "Auto Build Script";
			outputPaths = (
			);
			runOnlyForDeploymentPostprocessing = 0;
			shellPath = /bin/sh;
			shellScript = "buildNumber=$(/usr/libexec/PlistBuddy -c \"Print CFBundleVersion\" \"$INFOPLIST_FILE\")\nbuildNumber=$(($buildNumber + 1))\n/usr/libexec/PlistBuddy -c \"Set :CFBundleVersion $buildNumber\" \"$INFOPLIST_FILE\"";
		};
/* End PBXShellScriptBuildPhase section */

/* Begin PBXSourcesBuildPhase section */
		5D22FCD616EDD63F00B6EE7F /* Sources */ = {
			isa = PBXSourcesBuildPhase;
			buildActionMask = 2147483647;
			files = (
				5D22FCEA16EDD63F00B6EE7F /* main.m in Sources */,
				5D22FCEE16EDD63F00B6EE7F /* AppDelegate.m in Sources */,
				5D22FCF716EDD63F00B6EE7F /* ViewController.m in Sources */,
				5D22FDA016EE30EC00B6EE7F /* CaptureSessionManager.m in Sources */,
			);
			runOnlyForDeploymentPostprocessing = 0;
		};
/* End PBXSourcesBuildPhase section */

/* Begin PBXVariantGroup section */
		5D22FCE616EDD63F00B6EE7F /* InfoPlist.strings */ = {
			isa = PBXVariantGroup;
			children = (
				5D22FCE716EDD63F00B6EE7F /* en */,
			);
			name = InfoPlist.strings;
			sourceTree = "<group>";
		};
		5D22FDB016EE388A00B6EE7F /* MainStoryboard_iPad.storyboard */ = {
			isa = PBXVariantGroup;
			children = (
				5D22FDB116EE388B00B6EE7F /* en */,
			);
			name = MainStoryboard_iPad.storyboard;
			sourceTree = "<group>";
		};
		5D22FDB216EE388B00B6EE7F /* MainStoryboard_iPhone.storyboard */ = {
			isa = PBXVariantGroup;
			children = (
				5D22FDB316EE388C00B6EE7F /* en */,
			);
			name = MainStoryboard_iPhone.storyboard;
			sourceTree = "<group>";
		};
/* End PBXVariantGroup section */

/* Begin XCBuildConfiguration section */
		5D22FCFE16EDD63F00B6EE7F /* Debug */ = {
			isa = XCBuildConfiguration;
			buildSettings = {
				ALWAYS_SEARCH_USER_PATHS = NO;
				CLANG_CXX_LANGUAGE_STANDARD = "gnu++0x";
				CLANG_CXX_LIBRARY = "libc++";
				CLANG_ENABLE_OBJC_ARC = YES;
				CLANG_WARN_CONSTANT_CONVERSION = YES;
				CLANG_WARN_EMPTY_BODY = YES;
				CLANG_WARN_ENUM_CONVERSION = YES;
				CLANG_WARN_INT_CONVERSION = YES;
				CLANG_WARN__DUPLICATE_METHOD_MATCH = YES;
				"CODE_SIGN_IDENTITY[sdk=iphoneos*]" = "iPhone Developer";
				COPY_PHASE_STRIP = NO;
				ENABLE_TESTABILITY = YES;
				GCC_C_LANGUAGE_STANDARD = gnu99;
				GCC_DYNAMIC_NO_PIC = NO;
				GCC_OPTIMIZATION_LEVEL = 0;
				GCC_PREPROCESSOR_DEFINITIONS = (
					"DEBUG=1",
					"$(inherited)",
				);
				GCC_SYMBOLS_PRIVATE_EXTERN = NO;
				GCC_WARN_ABOUT_RETURN_TYPE = YES;
				GCC_WARN_UNINITIALIZED_AUTOS = YES;
				GCC_WARN_UNUSED_VARIABLE = YES;
				IPHONEOS_DEPLOYMENT_TARGET = 6.1;
				ONLY_ACTIVE_ARCH = YES;
				SDKROOT = iphoneos;
				TARGETED_DEVICE_FAMILY = "1,2";
			};
			name = Debug;
		};
		5D22FCFF16EDD63F00B6EE7F /* Release */ = {
			isa = XCBuildConfiguration;
			buildSettings = {
				ALWAYS_SEARCH_USER_PATHS = NO;
				CLANG_CXX_LANGUAGE_STANDARD = "gnu++0x";
				CLANG_CXX_LIBRARY = "libc++";
				CLANG_ENABLE_OBJC_ARC = YES;
				CLANG_WARN_CONSTANT_CONVERSION = YES;
				CLANG_WARN_EMPTY_BODY = YES;
				CLANG_WARN_ENUM_CONVERSION = YES;
				CLANG_WARN_INT_CONVERSION = YES;
				CLANG_WARN__DUPLICATE_METHOD_MATCH = YES;
				"CODE_SIGN_IDENTITY[sdk=iphoneos*]" = "iPhone Developer";
				COPY_PHASE_STRIP = YES;
				GCC_C_LANGUAGE_STANDARD = gnu99;
				GCC_WARN_ABOUT_RETURN_TYPE = YES;
				GCC_WARN_UNINITIALIZED_AUTOS = YES;
				GCC_WARN_UNUSED_VARIABLE = YES;
				IPHONEOS_DEPLOYMENT_TARGET = 6.1;
				OTHER_CFLAGS = "-DNS_BLOCK_ASSERTIONS=1";
				SDKROOT = iphoneos;
				TARGETED_DEVICE_FAMILY = "1,2";
				VALIDATE_PRODUCT = YES;
			};
			name = Release;
		};
		5D22FD0116EDD63F00B6EE7F /* Debug */ = {
			isa = XCBuildConfiguration;
			buildSettings = {
				ASSETCATALOG_COMPILER_APPICON_NAME = AppIcon;
				ASSETCATALOG_COMPILER_LAUNCHIMAGE_NAME = LaunchImage;
				CLANG_CXX_LANGUAGE_STANDARD = "compiler-default";
				CLANG_CXX_LIBRARY = "compiler-default";
				COMPRESS_PNG_FILES = NO;
				FRAMEWORK_SEARCH_PATHS = (
					HelloBrowser3D/SDKs,
					"$(PROJECT_DIR)/HelloBrowser3D/SDKs",
				);
				GCC_C_LANGUAGE_STANDARD = "compiler-default";
				GCC_PRECOMPILE_PREFIX_HEADER = YES;
				GCC_PREFIX_HEADER = "HelloBrowser3D/HelloBrowser3D-Prefix.pch";
				GCC_PREPROCESSOR_DEFINITIONS = "$(inherited)";
				INFOPLIST_FILE = "HelloBrowser3D/HelloBrowser3D-Info.plist";
				IPHONEOS_DEPLOYMENT_TARGET = 9.0;
				LIBRARY_SEARCH_PATHS = "";
				ONLY_ACTIVE_ARCH = NO;
				OTHER_CFLAGS = "";
				OTHER_LDFLAGS = "";
				PRODUCT_BUNDLE_IDENTIFIER = "com.aumentia.browser3d.${PRODUCT_NAME:rfc1034identifier}";
				PRODUCT_NAME = "$(TARGET_NAME)";
				STRIP_PNG_TEXT = NO;
				VALID_ARCHS = "armv7 armv7s arm64";
				WRAPPER_EXTENSION = app;
			};
			name = Debug;
		};
		5D22FD0216EDD63F00B6EE7F /* Release */ = {
			isa = XCBuildConfiguration;
			buildSettings = {
				ASSETCATALOG_COMPILER_APPICON_NAME = AppIcon;
				ASSETCATALOG_COMPILER_LAUNCHIMAGE_NAME = LaunchImage;
				CLANG_CXX_LANGUAGE_STANDARD = "compiler-default";
				CLANG_CXX_LIBRARY = "compiler-default";
				COMPRESS_PNG_FILES = NO;
				FRAMEWORK_SEARCH_PATHS = (
					HelloBrowser3D/SDKs,
					"$(PROJECT_DIR)/HelloBrowser3D/SDKs",
				);
				GCC_C_LANGUAGE_STANDARD = "compiler-default";
				GCC_PRECOMPILE_PREFIX_HEADER = YES;
				GCC_PREFIX_HEADER = "HelloBrowser3D/HelloBrowser3D-Prefix.pch";
				INFOPLIST_FILE = "HelloBrowser3D/HelloBrowser3D-Info.plist";
				IPHONEOS_DEPLOYMENT_TARGET = 9.0;
				LIBRARY_SEARCH_PATHS = "";
				ONLY_ACTIVE_ARCH = NO;
				OTHER_LDFLAGS = "";
				PRODUCT_BUNDLE_IDENTIFIER = "com.aumentia.browser3d.${PRODUCT_NAME:rfc1034identifier}";
				PRODUCT_NAME = "$(TARGET_NAME)";
				STRIP_PNG_TEXT = NO;
				VALID_ARCHS = "armv7 armv7s arm64";
				WRAPPER_EXTENSION = app;
			};
			name = Release;
		};
/* End XCBuildConfiguration section */

/* Begin XCConfigurationList section */
		5D22FCD516EDD63F00B6EE7F /* Build configuration list for PBXProject "HelloBrowser3D" */ = {
			isa = XCConfigurationList;
			buildConfigurations = (
				5D22FCFE16EDD63F00B6EE7F /* Debug */,
				5D22FCFF16EDD63F00B6EE7F /* Release */,
			);
			defaultConfigurationIsVisible = 0;
			defaultConfigurationName = Release;
		};
		5D22FD0016EDD63F00B6EE7F /* Build configuration list for PBXNativeTarget "HelloBrowser3D" */ = {
			isa = XCConfigurationList;
			buildConfigurations = (
				5D22FD0116EDD63F00B6EE7F /* Debug */,
				5D22FD0216EDD63F00B6EE7F /* Release */,
			);
			defaultConfigurationIsVisible = 0;
			defaultConfigurationName = Release;
		};
/* End XCConfigurationList section */
	};
	rootObject = 5D22FCD216EDD63F00B6EE7F /* Project object */;
}
